{
  "version": 1,
  "dependencies": {
    ".NETCoreApp,Version=v3.1": {
      "Microsoft.Extensions.Caching.Abstractions": {
        "type": "Direct",
        "requested": "[3.1.9, )",
        "resolved": "3.1.9",
        "contentHash": "/2QsPAsUZD4qvftZkUKHRRRryPDXWh606/iNXPLrulwHLMr9JNsKBJWVqylT3qU92nJok5VoqSblkY9mSyxFyg==",
        "dependencies": {
          "Microsoft.Extensions.Primitives": "3.1.9"
        }
      },
      "Microsoft.Extensions.DependencyInjection.Abstractions": {
        "type": "Direct",
        "requested": "[3.1.9, )",
        "resolved": "3.1.9",
        "contentHash": "8PkcaPwiTPOhqshoY4+rQUbz86X6YpLDLUqXOezh7L2A3pgpBmeBBByYIffofBlvQxDdQ0zB2DkWjbZWyCxRWg=="
      },
      "Refit.HttpClientFactory": {
        "type": "Direct",
        "requested": "[5.2.1, )",
        "resolved": "5.2.1",
        "contentHash": "cvLSYhAZEbOjpFcgz5RakxABS2t0B5K5gMqpj1LrVPZ2rOFzAS4WDgs6zjWXY/zj6prqbIhB5VmepKEprYdTbg==",
        "dependencies": {
          "Microsoft.Extensions.Http": "3.1.7",
          "Refit": "5.2.1"
        }
      },
      "Microsoft.Extensions.Configuration": {
        "type": "Transitive",
        "resolved": "3.1.7",
        "contentHash": "JCVsQYNZNGeLXWMw6tkCZ8Wa2IQKF9AiLKeq9Ff2XvGJTMzhYEHAzF/FvHdeBBhPiOf+Kl1t6mdcHL93kUz6MA==",
        "dependencies": {
          "Microsoft.Extensions.Configuration.Abstractions": "3.1.7"
        }
      },
      "Microsoft.Extensions.Configuration.Abstractions": {
        "type": "Transitive",
        "resolved": "3.1.7",
        "contentHash": "WJEbrrIgly95D9rM8Gwr4w8sbYla6/iOcCZ0UE7+Qg/Q8NnQJwAJ60Lq1A26zbNE8Fm1fkbGU90LDl8e+BoRSQ==",
        "dependencies": {
          "Microsoft.Extensions.Primitives": "3.1.7"
        }
      },
      "Microsoft.Extensions.Configuration.Binder": {
        "type": "Transitive",
        "resolved": "3.1.7",
        "contentHash": "FYQ64i7DwYO6XDdOFi+VkoRDDzel570I+X/vTYt6mVJWNj1SAstXwZ71P5d6P2Cei+cT950NiScOwj4F8EUeTA==",
        "dependencies": {
          "Microsoft.Extensions.Configuration": "3.1.7"
        }
      },
      "Microsoft.Extensions.DependencyInjection": {
        "type": "Transitive",
        "resolved": "3.1.7",
        "contentHash": "yp38AFc5tJQZkjINjXBcxq+dANU06lo27D84duitZthtRPsgKJL87uf9RWRsDdRsWd+kXflmdMWFLKFjyKx6Pw==",
        "dependencies": {
          "Microsoft.Extensions.DependencyInjection.Abstractions": "3.1.7"
        }
      },
      "Microsoft.Extensions.Http": {
        "type": "Transitive",
        "resolved": "3.1.7",
        "contentHash": "yGaFZpLkIxXKp96eyCMieyrWzKKMr4SxOQi0Zo0RiaoiB3l/dOqqeYJ7RMD31djx61lnd7ocqV4j93WtUye/wA==",
        "dependencies": {
          "Microsoft.Extensions.DependencyInjection.Abstractions": "3.1.7",
          "Microsoft.Extensions.Logging": "3.1.7",
          "Microsoft.Extensions.Options": "3.1.7"
        }
      },
      "Microsoft.Extensions.Logging": {
        "type": "Transitive",
        "resolved": "3.1.7",
        "contentHash": "p68Hvr8S+t+bGUeXRX6wcjlkK961w0YRXWy8O6pkTsucdNpnzB8mwLIgcnQ7oj0biw8S1Ftv4PREzPIwo1UwpA==",
        "dependencies": {
          "Microsoft.Extensions.Configuration.Binder": "3.1.7",
          "Microsoft.Extensions.DependencyInjection": "3.1.7",
          "Microsoft.Extensions.Logging.Abstractions": "3.1.7",
          "Microsoft.Extensions.Options": "3.1.7"
        }
      },
      "Microsoft.Extensions.Logging.Abstractions": {
        "type": "Transitive",
        "resolved": "3.1.7",
        "contentHash": "oD7LQbMuaqq/yAz8PKX0hl4+H/vDFTQHo8rxbKB36P1/bG8FG7JUVKBoHkSt1MaJUtgyiHrH1AlAhaucKUKyEg=="
      },
      "Microsoft.Extensions.Options": {
        "type": "Transitive",
        "resolved": "3.1.7",
        "contentHash": "O5TXu1D79hbaZuKCIK4mswSP86MtmiIQjuOZnVhPdbjOVILsoQwZUtnmU2xRfX1E0QWuFEI0umhw3mDDn6dNHw==",
        "dependencies": {
          "Microsoft.Extensions.DependencyInjection.Abstractions": "3.1.7",
          "Microsoft.Extensions.Primitives": "3.1.7"
        }
      },
      "Microsoft.Extensions.Primitives": {
        "type": "Transitive",
        "resolved": "3.1.9",
        "contentHash": "IrHecH0eGG7/XoeEtv++oLg/sJHRNyeCqlA9RhAo6ig4GpOTjtDr32sBMYuuLtUq8ALahneWkrOzoBAwJ4L4iA=="
      },
      "Newtonsoft.Json": {
        "type": "Transitive",
        "resolved": "12.0.3",
        "contentHash": "6mgjfnRB4jKMlzHSl+VD+oUc1IebOZabkbyWj2RiTgWwYPPuaK1H97G1sHqGwPlS5npiF5Q0OrxN1wni2n5QWg=="
      },
      "Refit": {
        "type": "Transitive",
        "resolved": "5.2.1",
        "contentHash": "dgLXewaEZi7kexzfaYb7JZPGw93UMNAr7dF9r/S7HuKMjQcWieGnXolmSD2XMA0eCn8t4PLjnm8OwwkG+cGrPw==",
        "dependencies": {
          "Newtonsoft.Json": "12.0.3",
          "System.Text.Json": "4.7.2"
        }
      },
      "System.Text.Json": {
        "type": "Transitive",
        "resolved": "4.7.2",
        "contentHash": "TcMd95wcrubm9nHvJEQs70rC0H/8omiSGGpU4FQ/ZA1URIqD4pjmFJh2Mfv1yH1eHgJDWTi2hMDXwTET+zOOyg=="
      }
    }
  }
}